// !$*UTF8*$!
{
	archiveVersion = 1;
	classes = {
	};
	objectVersion = 50;
	objects = {

/* Begin PBXBuildFile section */
		494A51F424B483E70048C001 /* AppDelegate.swift in Sources */ = {isa = PBXBuildFile; fileRef = 494A51F324B483E70048C001 /* AppDelegate.swift */; };
		494A51F624B483E70048C001 /* SceneDelegate.swift in Sources */ = {isa = PBXBuildFile; fileRef = 494A51F524B483E70048C001 /* SceneDelegate.swift */; };
		494A51F824B483E70048C001 /* ContentView.swift in Sources */ = {isa = PBXBuildFile; fileRef = 494A51F724B483E70048C001 /* ContentView.swift */; };
		494A51FA24B483E70048C001 /* Assets.xcassets in Resources */ = {isa = PBXBuildFile; fileRef = 494A51F924B483E70048C001 /* Assets.xcassets */; };
		494A51FD24B483E70048C001 /* Preview Assets.xcassets in Resources */ = {isa = PBXBuildFile; fileRef = 494A51FC24B483E70048C001 /* Preview Assets.xcassets */; };
		494A520024B483E70048C001 /* LaunchScreen.storyboard in Resources */ = {isa = PBXBuildFile; fileRef = 494A51FE24B483E70048C001 /* LaunchScreen.storyboard */; };
		494A520824B484370048C001 /* WaypointListView.swift in Sources */ = {isa = PBXBuildFile; fileRef = 494A520724B484370048C001 /* WaypointListView.swift */; };
		494A520A24B4844E0048C001 /* models.swift in Sources */ = {isa = PBXBuildFile; fileRef = 494A520924B4844E0048C001 /* models.swift */; };
		494A520C24B485730048C001 /* WaypointRowView.swift in Sources */ = {isa = PBXBuildFile; fileRef = 494A520B24B485730048C001 /* WaypointRowView.swift */; };
		494A520E24B486030048C001 /* constants.swift in Sources */ = {isa = PBXBuildFile; fileRef = 494A520D24B486030048C001 /* constants.swift */; };
		494A521024B489E20048C001 /* AddWaypointView.swift in Sources */ = {isa = PBXBuildFile; fileRef = 494A520F24B489E20048C001 /* AddWaypointView.swift */; };
		49B4883D24B4A1D700CA36C8 /* LocationManager.swift in Sources */ = {isa = PBXBuildFile; fileRef = 49B4883C24B4A1D700CA36C8 /* LocationManager.swift */; };
/* End PBXBuildFile section */

/* Begin PBXFileReference section */
		494A51F024B483E70048C001 /* WaypointHelper.app */ = {isa = PBXFileReference; explicitFileType = wrapper.application; includeInIndex = 0; path = WaypointHelper.app; sourceTree = BUILT_PRODUCTS_DIR; };
		494A51F324B483E70048C001 /* AppDelegate.swift */ = {isa = PBXFileReference; lastKnownFileType = sourcecode.swift; path = AppDelegate.swift; sourceTree = "<group>"; };
		494A51F524B483E70048C001 /* SceneDelegate.swift */ = {isa = PBXFileReference; lastKnownFileType = sourcecode.swift; path = SceneDelegate.swift; sourceTree = "<group>"; };
		494A51F724B483E70048C001 /* ContentView.swift */ = {isa = PBXFileReference; lastKnownFileType = sourcecode.swift; path = ContentView.swift; sourceTree = "<group>"; };
		494A51F924B483E70048C001 /* Assets.xcassets */ = {isa = PBXFileReference; lastKnownFileType = folder.assetcatalog; path = Assets.xcassets; sourceTree = "<group>"; };
		494A51FC24B483E70048C001 /* Preview Assets.xcassets */ = {isa = PBXFileReference; lastKnownFileType = folder.assetcatalog; path = "Preview Assets.xcassets"; sourceTree = "<group>"; };
		494A51FF24B483E70048C001 /* Base */ = {isa = PBXFileReference; lastKnownFileType = file.storyboard; name = Base; path = Base.lproj/LaunchScreen.storyboard; sourceTree = "<group>"; };
		494A520124B483E70048C001 /* Info.plist */ = {isa = PBXFileReference; lastKnownFileType = text.plist.xml; path = Info.plist; sourceTree = "<group>"; };
		494A520724B484370048C001 /* WaypointListView.swift */ = {isa = PBXFileReference; lastKnownFileType = sourcecode.swift; path = WaypointListView.swift; sourceTree = "<group>"; };
		494A520924B4844E0048C001 /* models.swift */ = {isa = PBXFileReference; lastKnownFileType = sourcecode.swift; path = models.swift; sourceTree = "<group>"; };
		494A520B24B485730048C001 /* WaypointRowView.swift */ = {isa = PBXFileReference; lastKnownFileType = sourcecode.swift; path = WaypointRowView.swift; sourceTree = "<group>"; };
		494A520D24B486030048C001 /* constants.swift */ = {isa = PBXFileReference; lastKnownFileType = sourcecode.swift; path = constants.swift; sourceTree = "<group>"; };
		494A520F24B489E20048C001 /* AddWaypointView.swift */ = {isa = PBXFileReference; lastKnownFileType = sourcecode.swift; path = AddWaypointView.swift; sourceTree = "<group>"; };
		49B4883C24B4A1D700CA36C8 /* LocationManager.swift */ = {isa = PBXFileReference; lastKnownFileType = sourcecode.swift; path = LocationManager.swift; sourceTree = "<group>"; };
/* End PBXFileReference section */

/* Begin PBXFrameworksBuildPhase section */
		494A51ED24B483E70048C001 /* Frameworks */ = {
			isa = PBXFrameworksBuildPhase;
			buildActionMask = 2147483647;
			files = (
			);
			runOnlyForDeploymentPostprocessing = 0;
		};
/* End PBXFrameworksBuildPhase section */

/* Begin PBXGroup section */
		494A51E724B483E70048C001 = {
			isa = PBXGroup;
			children = (
				494A51F224B483E70048C001 /* WaypointHelper */,
				494A51F124B483E70048C001 /* Products */,
			);
			sourceTree = "<group>";
		};
		494A51F124B483E70048C001 /* Products */ = {
			isa = PBXGroup;
			children = (
				494A51F024B483E70048C001 /* WaypointHelper.app */,
			);
			name = Products;
			sourceTree = "<group>";
		};
		494A51F224B483E70048C001 /* WaypointHelper */ = {
			isa = PBXGroup;
			children = (
				494A520F24B489E20048C001 /* AddWaypointView.swift */,
				49B4883C24B4A1D700CA36C8 /* LocationManager.swift */,
				494A51F324B483E70048C001 /* AppDelegate.swift */,
				494A51F524B483E70048C001 /* SceneDelegate.swift */,
				494A51F724B483E70048C001 /* ContentView.swift */,
				494A520724B484370048C001 /* WaypointListView.swift */,
				494A520B24B485730048C001 /* WaypointRowView.swift */,
				494A520D24B486030048C001 /* constants.swift */,
				494A520924B4844E0048C001 /* models.swift */,
				494A51F924B483E70048C001 /* Assets.xcassets */,
				494A51FE24B483E70048C001 /* LaunchScreen.storyboard */,
				494A520124B483E70048C001 /* Info.plist */,
				494A51FB24B483E70048C001 /* Preview Content */,
			);
			path = WaypointHelper;
			sourceTree = "<group>";
		};
		494A51FB24B483E70048C001 /* Preview Content */ = {
			isa = PBXGroup;
			children = (
				494A51FC24B483E70048C001 /* Preview Assets.xcassets */,
			);
			path = "Preview Content";
			sourceTree = "<group>";
		};
/* End PBXGroup section */

/* Begin PBXNativeTarget section */
		494A51EF24B483E70048C001 /* WaypointHelper */ = {
			isa = PBXNativeTarget;
			buildConfigurationList = 494A520424B483E70048C001 /* Build configuration list for PBXNativeTarget "WaypointHelper" */;
			buildPhases = (
				494A51EC24B483E70048C001 /* Sources */,
				494A51ED24B483E70048C001 /* Frameworks */,
				494A51EE24B483E70048C001 /* Resources */,
			);
			buildRules = (
			);
			dependencies = (
			);
			name = WaypointHelper;
			productName = WaypointHelper;
			productReference = 494A51F024B483E70048C001 /* WaypointHelper.app */;
			productType = "com.apple.product-type.application";
		};
/* End PBXNativeTarget section */

/* Begin PBXProject section */
		494A51E824B483E70048C001 /* Project object */ = {
			isa = PBXProject;
			attributes = {
				LastSwiftUpdateCheck = 1200;
				LastUpgradeCheck = 1200;
				TargetAttributes = {
					494A51EF24B483E70048C001 = {
						CreatedOnToolsVersion = 12.0;
					};
				};
			};
			buildConfigurationList = 494A51EB24B483E70048C001 /* Build configuration list for PBXProject "WaypointHelper" */;
			compatibilityVersion = "Xcode 9.3";
			developmentRegion = en;
			hasScannedForEncodings = 0;
			knownRegions = (
				en,
				Base,
			);
			mainGroup = 494A51E724B483E70048C001;
			productRefGroup = 494A51F124B483E70048C001 /* Products */;
			projectDirPath = "";
			projectRoot = "";
			targets = (
				494A51EF24B483E70048C001 /* WaypointHelper */,
			);
		};
/* End PBXProject section */

/* Begin PBXResourcesBuildPhase section */
		494A51EE24B483E70048C001 /* Resources */ = {
			isa = PBXResourcesBuildPhase;
			buildActionMask = 2147483647;
			files = (
				494A520024B483E70048C001 /* LaunchScreen.storyboard in Resources */,
				494A51FD24B483E70048C001 /* Preview Assets.xcassets in Resources */,
				494A51FA24B483E70048C001 /* Assets.xcassets in Resources */,
			);
			runOnlyForDeploymentPostprocessing = 0;
		};
/* End PBXResourcesBuildPhase section */

/* Begin PBXSourcesBuildPhase section */
		494A51EC24B483E70048C001 /* Sources */ = {
			isa = PBXSourcesBuildPhase;
			buildActionMask = 2147483647;
			files = (
				494A520C24B485730048C001 /* WaypointRowView.swift in Sources */,
				494A520A24B4844E0048C001 /* models.swift in Sources */,
				494A51F424B483E70048C001 /* AppDelegate.swift in Sources */,
				494A520E24B486030048C001 /* constants.swift in Sources */,
				494A51F624B483E70048C001 /* SceneDelegate.swift in Sources */,
				494A51F824B483E70048C001 /* ContentView.swift in Sources */,
				494A520824B484370048C001 /* WaypointListView.swift in Sources */,
				494A521024B489E20048C001 /* AddWaypointView.swift in Sources */,
				49B4883D24B4A1D700CA36C8 /* LocationManager.swift in Sources */,
			);
			runOnlyForDeploymentPostprocessing = 0;
		};
/* End PBXSourcesBuildPhase section */

/* Begin PBXVariantGroup section */
		494A51FE24B483E70048C001 /* LaunchScreen.storyboard */ = {
			isa = PBXVariantGroup;
			children = (
				494A51FF24B483E70048C001 /* Base */,
			);
			name = LaunchScreen.storyboard;
			sourceTree = "<group>";
		};
/* End PBXVariantGroup section */

/* Begin XCBuildConfiguration section */
		494A520224B483E70048C001 /* Debug */ = {
			isa = XCBuildConfiguration;
			buildSettings = {
				ALWAYS_SEARCH_USER_PATHS = NO;
				CLANG_ANALYZER_NONNULL = YES;
				CLANG_ANALYZER_NUMBER_OBJECT_CONVERSION = YES_AGGRESSIVE;
				CLANG_CXX_LANGUAGE_STANDARD = "gnu++14";
				CLANG_CXX_LIBRARY = "libc++";
				CLANG_ENABLE_MODULES = YES;
				CLANG_ENABLE_OBJC_ARC = YES;
				CLANG_ENABLE_OBJC_WEAK = YES;
				CLANG_WARN_BLOCK_CAPTURE_AUTORELEASING = YES;
				CLANG_WARN_BOOL_CONVERSION = YES;
				CLANG_WARN_COMMA = YES;
				CLANG_WARN_CONSTANT_CONVERSION = YES;
				CLANG_WARN_DEPRECATED_OBJC_IMPLEMENTATIONS = YES;
				CLANG_WARN_DIRECT_OBJC_ISA_USAGE = YES_ERROR;
				CLANG_WARN_DOCUMENTATION_COMMENTS = YES;
				CLANG_WARN_EMPTY_BODY = YES;
				CLANG_WARN_ENUM_CONVERSION = YES;
				CLANG_WARN_INFINITE_RECURSION = YES;
				CLANG_WARN_INT_CONVERSION = YES;
				CLANG_WARN_NON_LITERAL_NULL_CONVERSION = YES;
				CLANG_WARN_OBJC_IMPLICIT_RETAIN_SELF = YES;
				CLANG_WARN_OBJC_LITERAL_CONVERSION = YES;
				CLANG_WARN_OBJC_ROOT_CLASS = YES_ERROR;
				CLANG_WARN_QUOTED_INCLUDE_IN_FRAMEWORK_HEADER = YES;
				CLANG_WARN_RANGE_LOOP_ANALYSIS = YES;
				CLANG_WARN_STRICT_PROTOTYPES = YES;
				CLANG_WARN_SUSPICIOUS_MOVE = YES;
				CLANG_WARN_UNGUARDED_AVAILABILITY = YES_AGGRESSIVE;
				CLANG_WARN_UNREACHABLE_CODE = YES;
				CLANG_WARN__DUPLICATE_METHOD_MATCH = YES;
				COPY_PHASE_STRIP = NO;
				DEBUG_INFORMATION_FORMAT = dwarf;
				ENABLE_STRICT_OBJC_MSGSEND = YES;
				ENABLE_TESTABILITY = YES;
				GCC_C_LANGUAGE_STANDARD = gnu11;
				GCC_DYNAMIC_NO_PIC = NO;
				GCC_NO_COMMON_BLOCKS = YES;
				GCC_OPTIMIZATION_LEVEL = 0;
				GCC_PREPROCESSOR_DEFINITIONS = (
					"DEBUG=1",
					"$(inherited)",
				);
				GCC_WARN_64_TO_32_BIT_CONVERSION = YES;
				GCC_WARN_ABOUT_RETURN_TYPE = YES_ERROR;
				GCC_WARN_UNDECLARED_SELECTOR = YES;
				GCC_WARN_UNINITIALIZED_AUTOS = YES_AGGRESSIVE;
				GCC_WARN_UNUSED_FUNCTION = YES;
				GCC_WARN_UNUSED_VARIABLE = YES;
				IPHONEOS_DEPLOYMENT_TARGET = 14.0;
				MTL_ENABLE_DEBUG_INFO = INCLUDE_SOURCE;
				MTL_FAST_MATH = YES;
				ONLY_ACTIVE_ARCH = YES;
				SDKROOT = iphoneos;
				SWIFT_ACTIVE_COMPILATION_CONDITIONS = DEBUG;
				SWIFT_OPTIMIZATION_LEVEL = "-Onone";
			};
			name = Debug;
		};
		494A520324B483E70048C001 /* Release */ = {
			isa = XCBuildConfiguration;
			buildSettings = {
				ALWAYS_SEARCH_USER_PATHS = NO;
				CLANG_ANALYZER_NONNULL = YES;
				CLANG_ANALYZER_NUMBER_OBJECT_CONVERSION = YES_AGGRESSIVE;
				CLANG_CXX_LANGUAGE_STANDARD = "gnu++14";
				CLANG_CXX_LIBRARY = "libc++";
				CLANG_ENABLE_MODULES = YES;
				CLANG_ENABLE_OBJC_ARC = YES;
				CLANG_ENABLE_OBJC_WEAK = YES;
				CLANG_WARN_BLOCK_CAPTURE_AUTORELEASING = YES;
				CLANG_WARN_BOOL_CONVERSION = YES;
				CLANG_WARN_COMMA = YES;
				CLANG_WARN_CONSTANT_CONVERSION = YES;
				CLANG_WARN_DEPRECATED_OBJC_IMPLEMENTATIONS = YES;
				CLANG_WARN_DIRECT_OBJC_ISA_USAGE = YES_ERROR;
				CLANG_WARN_DOCUMENTATION_COMMENTS = YES;
				CLANG_WARN_EMPTY_BODY = YES;
				CLANG_WARN_ENUM_CONVERSION = YES;
				CLANG_WARN_INFINITE_RECURSION = YES;
				CLANG_WARN_INT_CONVERSION = YES;
				CLANG_WARN_NON_LITERAL_NULL_CONVERSION = YES;
				CLANG_WARN_OBJC_IMPLICIT_RETAIN_SELF = YES;
				CLANG_WARN_OBJC_LITERAL_CONVERSION = YES;
				CLANG_WARN_OBJC_ROOT_CLASS = YES_ERROR;
				CLANG_WARN_QUOTED_INCLUDE_IN_FRAMEWORK_HEADER = YES;
				CLANG_WARN_RANGE_LOOP_ANALYSIS = YES;
				CLANG_WARN_STRICT_PROTOTYPES = YES;
				CLANG_WARN_SUSPICIOUS_MOVE = YES;
				CLANG_WARN_UNGUARDED_AVAILABILITY = YES_AGGRESSIVE;
				CLANG_WARN_UNREACHABLE_CODE = YES;
				CLANG_WARN__DUPLICATE_METHOD_MATCH = YES;
				COPY_PHASE_STRIP = NO;
				DEBUG_INFORMATION_FORMAT = "dwarf-with-dsym";
				ENABLE_NS_ASSERTIONS = NO;
				ENABLE_STRICT_OBJC_MSGSEND = YES;
				GCC_C_LANGUAGE_STANDARD = gnu11;
				GCC_NO_COMMON_BLOCKS = YES;
				GCC_WARN_64_TO_32_BIT_CONVERSION = YES;
				GCC_WARN_ABOUT_RETURN_TYPE = YES_ERROR;
				GCC_WARN_UNDECLARED_SELECTOR = YES;
				GCC_WARN_UNINITIALIZED_AUTOS = YES_AGGRESSIVE;
				GCC_WARN_UNUSED_FUNCTION = YES;
				GCC_WARN_UNUSED_VARIABLE = YES;
				IPHONEOS_DEPLOYMENT_TARGET = 14.0;
				MTL_ENABLE_DEBUG_INFO = NO;
				MTL_FAST_MATH = YES;
				SDKROOT = iphoneos;
				SWIFT_COMPILATION_MODE = wholemodule;
				SWIFT_OPTIMIZATION_LEVEL = "-O";
				VALIDATE_PRODUCT = YES;
			};
			name = Release;
		};
		494A520524B483E70048C001 /* Debug */ = {
			isa = XCBuildConfiguration;
			buildSettings = {
				ASSETCATALOG_COMPILER_APPICON_NAME = AppIcon;
				ASSETCATALOG_COMPILER_GLOBAL_ACCENT_COLOR_NAME = AccentColor;
				CODE_SIGN_STYLE = Automatic;
				DEVELOPMENT_ASSET_PATHS = "\"WaypointHelper/Preview Content\"";
				DEVELOPMENT_TEAM = MHQFP8C3YS;
				ENABLE_PREVIEWS = YES;
				INFOPLIST_FILE = WaypointHelper/Info.plist;
				IPHONEOS_DEPLOYMENT_TARGET = 14.0;
				LD_RUNPATH_SEARCH_PATHS = (
					"$(inherited)",
					"@executable_path/Frameworks",
				);
				PRODUCT_BUNDLE_IDENTIFIER = mithem.WaypointHelper;
				PRODUCT_NAME = "$(TARGET_NAME)";
				SWIFT_VERSION = 5.0;
				TARGETED_DEVICE_FAMILY = "1,2";
			};
			name = Debug;
		};
		494A520624B483E70048C001 /* Release */ = {
			isa = XCBuildConfiguration;
			buildSettings = {
				ASSETCATALOG_COMPILER_APPICON_NAME = AppIcon;
				ASSETCATALOG_COMPILER_GLOBAL_ACCENT_COLOR_NAME = AccentColor;
				CODE_SIGN_STYLE = Automatic;
				DEVELOPMENT_ASSET_PATHS = "\"WaypointHelper/Preview Content\"";
				DEVELOPMENT_TEAM = MHQFP8C3YS;
				ENABLE_PREVIEWS = YES;
				INFOPLIST_FILE = WaypointHelper/Info.plist;
				IPHONEOS_DEPLOYMENT_TARGET = 14.0;
				LD_RUNPATH_SEARCH_PATHS = (
					"$(inherited)",
					"@executable_path/Frameworks",
				);
				PRODUCT_BUNDLE_IDENTIFIER = mithem.WaypointHelper;
				PRODUCT_NAME = "$(TARGET_NAME)";
				SWIFT_VERSION = 5.0;
				TARGETED_DEVICE_FAMILY = "1,2";
			};
			name = Release;
		};
/* End XCBuildConfiguration section */

/* Begin XCConfigurationList section */
		494A51EB24B483E70048C001 /* Build configuration list for PBXProject "WaypointHelper" */ = {
			isa = XCConfigurationList;
			buildConfigurations = (
				494A520224B483E70048C001 /* Debug */,
				494A520324B483E70048C001 /* Release */,
			);
			defaultConfigurationIsVisible = 0;
			defaultConfigurationName = Release;
		};
		494A520424B483E70048C001 /* Build configuration list for PBXNativeTarget "WaypointHelper" */ = {
			isa = XCConfigurationList;
			buildConfigurations = (
				494A520524B483E70048C001 /* Debug */,
				494A520624B483E70048C001 /* Release */,
			);
			defaultConfigurationIsVisible = 0;
			defaultConfigurationName = Release;
		};
/* End XCConfigurationList section */
	};
	rootObject = 494A51E824B483E70048C001 /* Project object */;
}
